
Microsoft Visual Studio Solution File, Format Version 12.00
# Visual Studio Version 16
VisualStudioVersion = 16.0.30011.22
MinimumVisualStudioVersion = 10.0.40219.1
Project("{888888A0-9F3D-457C-B088-3A5042F75D52}") = "Django Social Clone", "Django Social Clone\Django Social Clone.pyproj", "{FD2188DE-AB77-4A32-AED4-FF156B88F5D7}"
EndProject
Global
	GlobalSection(SolutionConfigurationPlatforms) = preSolution
		Debug|Any CPU = Debug|Any CPU
		Release|Any CPU = Release|Any CPU
	EndGlobalSection
	GlobalSection(ProjectConfigurationPlatforms) = postSolution
		{FD2188DE-AB77-4A32-AED4-FF156B88F5D7}.Debug|Any CPU.ActiveCfg = Debug|Any CPU
		{FD2188DE-AB77-4A32-AED4-FF156B88F5D7}.Debug|Any CPU.Build.0 = Debug|Any CPU
		{FD2188DE-AB77-4A32-AED4-FF156B88F5D7}.Release|Any CPU.ActiveCfg = Release|Any CPU
		{FD2188DE-AB77-4A32-AED4-FF156B88F5D7}.Release|Any CPU.Build.0 = Release|Any CPU
	EndGlobalSection
	GlobalSection(SolutionProperties) = preSolution
		HideSolutionNode = FALSE
	EndGlobalSection
	GlobalSection(ExtensibilityGlobals) = postSolution
		SolutionGuid = {32BB883B-F530-44A0-AF3F-5260B5A9AA2D}
	EndGlobalSection
EndGlobal
